
Microsoft Visual Studio Solution File, Format Version 12.00
# Visual Studio Version 17
VisualStudioVersion = 17.0.32112.339
MinimumVisualStudioVersion = 10.0.40219.1
Project("{9A19103F-16F7-4668-BE54-9A1E7A4F7556}") = "StormQoL", "StormQoL.csproj", "{7513153A-553F-417C-9FA9-7A2A86A9A33A}"
EndProject
Global
	GlobalSection(SolutionConfigurationPlatforms) = preSolution
		Debug|Any CPU = Debug|Any CPU
		Release|Any CPU = Release|Any CPU
	EndGlobalSection
	GlobalSection(ProjectConfigurationPlatforms) = postSolution
		{7513153A-553F-417C-9FA9-7A2A86A9A33A}.Debug|Any CPU.ActiveCfg = Debug|Any CPU
		{7513153A-553F-417C-9FA9-7A2A86A9A33A}.Debug|Any CPU.Build.0 = Debug|Any CPU
		{7513153A-553F-417C-9FA9-7A2A86A9A33A}.Release|Any CPU.ActiveCfg = Release|Any CPU
		{7513153A-553F-417C-9FA9-7A2A86A9A33A}.Release|Any CPU.Build.0 = Release|Any CPU
	EndGlobalSection
	GlobalSection(SolutionProperties) = preSolution
		HideSolutionNode = FALSE
	EndGlobalSection
	GlobalSection(ExtensibilityGlobals) = postSolution
		SolutionGuid = {CB8A1B06-E342-4D7D-AB04-39CA6B30FCC3}
	EndGlobalSection
EndGlobal
